
Microsoft Visual Studio Solution File, Format Version 12.00
# Visual Studio Version 17
VisualStudioVersion = 17.0.31903.59
MinimumVisualStudioVersion = 10.0.40219.1
Project("{2150E333-8FDC-42A3-9474-1A3956D46DE8}") = "ExternalGateway", "ExternalGateway", "{5F6F6962-9151-65B1-E715-34E421B4FD8A}"
EndProject
Project("{FAE04EC0-301F-11D3-BF4B-00C04F79EFBC}") = "FSH.ExternalGateway.Contracts", "ExternalGateway\FSH.ExternalGateway.Contracts\FSH.ExternalGateway.Contracts.csproj", "{AFA0E183-5AB9-45BE-8F95-66BE9D784DC1}"
EndProject
Project("{FAE04EC0-301F-11D3-BF4B-00C04F79EFBC}") = "FSH.ExternalGateway", "ExternalGateway\FSH.ExternalGateway\FSH.ExternalGateway.csproj", "{2A84BAFD-CD4B-4F60-9575-6042CFD52D76}"
EndProject
Project("{FAE04EC0-301F-11D3-BF4B-00C04F79EFBC}") = "FSH.ExternalGateway.Host", "ExternalGateway\FSH.ExternalGateway.Host\FSH.ExternalGateway.Host.csproj", "{20A3103D-B6A2-402E-B183-25B0BA61CD5D}"
EndProject
Project("{2150E333-8FDC-42A3-9474-1A3956D46DE8}") = "BuildingBlocks", "BuildingBlocks", "{7266C4A9-E384-DC00-0EB6-47F6002CFBA7}"
EndProject
Project("{FAE04EC0-301F-11D3-BF4B-00C04F79EFBC}") = "Blazor.UI", "BuildingBlocks\Blazor.UI\Blazor.UI.csproj", "{736F773C-1C43-4662-A369-C689D32E87A8}"
EndProject
Project("{FAE04EC0-301F-11D3-BF4B-00C04F79EFBC}") = "Caching", "BuildingBlocks\Caching\Caching.csproj", "{83794F3B-54A0-4087-92D9-94C539A609A8}"
EndProject
Project("{FAE04EC0-301F-11D3-BF4B-00C04F79EFBC}") = "Core", "BuildingBlocks\Core\Core.csproj", "{9EDFF57C-172F-4945-B4DC-E7FA1DC24CB7}"
EndProject
Project("{FAE04EC0-301F-11D3-BF4B-00C04F79EFBC}") = "Eventing", "BuildingBlocks\Eventing\Eventing.csproj", "{18B66599-F333-47C2-95CD-E71A9F70F2A4}"
EndProject
Project("{FAE04EC0-301F-11D3-BF4B-00C04F79EFBC}") = "Persistence", "BuildingBlocks\Persistence\Persistence.csproj", "{D09028B2-84CE-4863-8F57-F6D82AD9EF3F}"
EndProject
Project("{FAE04EC0-301F-11D3-BF4B-00C04F79EFBC}") = "Shared", "BuildingBlocks\Shared\Shared.csproj", "{744DC9E2-27CB-470A-976D-19CE401766FF}"
EndProject
Project("{FAE04EC0-301F-11D3-BF4B-00C04F79EFBC}") = "Jobs", "BuildingBlocks\Jobs\Jobs.csproj", "{CCDD120A-1C00-46F3-8CB9-93471BA4164C}"
EndProject
Project("{FAE04EC0-301F-11D3-BF4B-00C04F79EFBC}") = "Mailing", "BuildingBlocks\Mailing\Mailing.csproj", "{B8BAA727-6E39-431B-9356-5720422A7DB6}"
EndProject
Project("{FAE04EC0-301F-11D3-BF4B-00C04F79EFBC}") = "Storage", "BuildingBlocks\Storage\Storage.csproj", "{017E95EF-2AAA-48BC-90D9-914EFB3DE2E3}"
EndProject
Project("{FAE04EC0-301F-11D3-BF4B-00C04F79EFBC}") = "Web", "BuildingBlocks\Web\Web.csproj", "{F4BC9C3A-F929-4F7B-A321-207278B0C942}"
EndProject
Project("{2150E333-8FDC-42A3-9474-1A3956D46DE8}") = "Modules", "Modules", "{CA253913-39DE-BFD0-C9A3-4B7EC6FBDF17}"
EndProject
Project("{2150E333-8FDC-42A3-9474-1A3956D46DE8}") = "Auditing", "Auditing", "{DC396A54-6413-2AEC-88BC-E66D5CE4B023}"
EndProject
Project("{FAE04EC0-301F-11D3-BF4B-00C04F79EFBC}") = "Modules.Auditing", "Modules\Auditing\Modules.Auditing\Modules.Auditing.csproj", "{F073CBE1-CA4D-4A17-BFBA-E871FF112DFC}"
EndProject
Project("{FAE04EC0-301F-11D3-BF4B-00C04F79EFBC}") = "Modules.Auditing.Contracts", "Modules\Auditing\Modules.Auditing.Contracts\Modules.Auditing.Contracts.csproj", "{609DBDF8-EE19-4C38-988A-A7A1F4D976F7}"
EndProject
Project("{2150E333-8FDC-42A3-9474-1A3956D46DE8}") = "Identity", "Identity", "{293C06CD-4E17-48BD-9F3B-B5ADDFFA9425}"
EndProject
Project("{FAE04EC0-301F-11D3-BF4B-00C04F79EFBC}") = "Modules.Identity", "Modules\Identity\Modules.Identity\Modules.Identity.csproj", "{E11CF126-098E-45C2-8368-669CDC8EF5FF}"
EndProject
Project("{FAE04EC0-301F-11D3-BF4B-00C04F79EFBC}") = "Modules.Identity.Contracts", "Modules\Identity\Modules.Identity.Contracts\Modules.Identity.Contracts.csproj", "{E730CA01-5AAF-4D48-95F3-86FAA2FFAEFE}"
EndProject
Project("{2150E333-8FDC-42A3-9474-1A3956D46DE8}") = "Messaging", "Messaging", "{97DA689F-9968-99AE-DB8E-742E254F9FDE}"
EndProject
Project("{FAE04EC0-301F-11D3-BF4B-00C04F79EFBC}") = "Modules.Messaging", "Modules\Messaging\Modules.Messaging\Modules.Messaging.csproj", "{DEDF3392-87A6-49CA-8809-88B5E7641E42}"
EndProject
Project("{FAE04EC0-301F-11D3-BF4B-00C04F79EFBC}") = "Modules.Messaging.Contracts", "Modules\Messaging\Modules.Messaging.Contracts\Modules.Messaging.Contracts.csproj", "{9E9AC6C0-385B-4FA8-9363-A42FF126D65B}"
EndProject
Project("{2150E333-8FDC-42A3-9474-1A3956D46DE8}") = "Multitenancy", "Multitenancy", "{E98B71E8-5F64-30E0-39E9-92F43655EF81}"
EndProject
Project("{FAE04EC0-301F-11D3-BF4B-00C04F79EFBC}") = "Modules.Multitenancy", "Modules\Multitenancy\Modules.Multitenancy\Modules.Multitenancy.csproj", "{994825C7-D585-4F87-AAD4-EC719C373B75}"
EndProject
Project("{FAE04EC0-301F-11D3-BF4B-00C04F79EFBC}") = "Modules.Multitenancy.Contracts", "Modules\Multitenancy\Modules.Multitenancy.Contracts\Modules.Multitenancy.Contracts.csproj", "{CF281AE2-4EAA-4081-8290-2955DBDB7AB4}"
EndProject
Project("{2150E333-8FDC-42A3-9474-1A3956D46DE8}") = "Playground", "Playground", "{12E5C810-18C6-BE57-4EA6-3F3BE821652E}"
EndProject
Project("{FAE04EC0-301F-11D3-BF4B-00C04F79EFBC}") = "FSH.Playground.AppHost", "Playground\FSH.Playground.AppHost\FSH.Playground.AppHost.csproj", "{BFB01543-5E4E-45AD-8013-52AF1B530CE7}"
EndProject
Project("{FAE04EC0-301F-11D3-BF4B-00C04F79EFBC}") = "Playground.Api", "Playground\Playground.Api\Playground.Api.csproj", "{EA2E8617-353B-438C-B171-981CC4FED696}"
EndProject
Project("{FAE04EC0-301F-11D3-BF4B-00C04F79EFBC}") = "Migrations.PostgreSQL", "Playground\Migrations.PostgreSQL\Migrations.PostgreSQL.csproj", "{2718E357-357C-43E9-820C-D4629CE7C661}"
EndProject
Project("{FAE04EC0-301F-11D3-BF4B-00C04F79EFBC}") = "Playground.Blazor", "Playground\Playground.Blazor\Playground.Blazor.csproj", "{996B397A-35DE-4673-A4BB-03CC85B7A409}"
EndProject
Project("{2150E333-8FDC-42A3-9474-1A3956D46DE8}") = "Tests", "Tests", "{0AB3BF05-4346-4AA6-1389-037BE0695223}"
EndProject
Project("{FAE04EC0-301F-11D3-BF4B-00C04F79EFBC}") = "Architecture.Tests", "Tests\Architecture.Tests\Architecture.Tests.csproj", "{1523F057-7A38-4162-B419-065B94097842}"
EndProject
Project("{FAE04EC0-301F-11D3-BF4B-00C04F79EFBC}") = "Multitenacy.Tests", "Tests\Multitenacy.Tests\Multitenacy.Tests.csproj", "{00338326-3C61-44D1-9B48-604778344DCE}"
EndProject
Project("{2150E333-8FDC-42A3-9474-1A3956D46DE8}") = "Tools", "Tools", "{07C2787E-EAC7-C090-1BA3-A61EC2A24D84}"
EndProject
Project("{2150E333-8FDC-42A3-9474-1A3956D46DE8}") = "CLI", "CLI", "{C8A1BA8F-C707-E767-5989-C0E1CF0A04C7}"
EndProject
Project("{FAE04EC0-301F-11D3-BF4B-00C04F79EFBC}") = "FSH.CLI", "Tools\CLI\FSH.CLI.csproj", "{66D324FB-B5DA-4BB4-8535-4736ECF17D8C}"
EndProject
Global
	GlobalSection(SolutionConfigurationPlatforms) = preSolution
		Debug|Any CPU = Debug|Any CPU
		Debug|x64 = Debug|x64
		Debug|x86 = Debug|x86
		Release|Any CPU = Release|Any CPU
		Release|x64 = Release|x64
		Release|x86 = Release|x86
	EndGlobalSection
	GlobalSection(ProjectConfigurationPlatforms) = postSolution
		{AFA0E183-5AB9-45BE-8F95-66BE9D784DC1}.Debug|Any CPU.ActiveCfg = Debug|Any CPU
		{AFA0E183-5AB9-45BE-8F95-66BE9D784DC1}.Debug|Any CPU.Build.0 = Debug|Any CPU
		{AFA0E183-5AB9-45BE-8F95-66BE9D784DC1}.Debug|x64.ActiveCfg = Debug|Any CPU
		{AFA0E183-5AB9-45BE-8F95-66BE9D784DC1}.Debug|x64.Build.0 = Debug|Any CPU
		{AFA0E183-5AB9-45BE-8F95-66BE9D784DC1}.Debug|x86.ActiveCfg = Debug|Any CPU
		{AFA0E183-5AB9-45BE-8F95-66BE9D784DC1}.Debug|x86.Build.0 = Debug|Any CPU
		{AFA0E183-5AB9-45BE-8F95-66BE9D784DC1}.Release|Any CPU.ActiveCfg = Release|Any CPU
		{AFA0E183-5AB9-45BE-8F95-66BE9D784DC1}.Release|Any CPU.Build.0 = Release|Any CPU
		{AFA0E183-5AB9-45BE-8F95-66BE9D784DC1}.Release|x64.ActiveCfg = Release|Any CPU
		{AFA0E183-5AB9-45BE-8F95-66BE9D784DC1}.Release|x64.Build.0 = Release|Any CPU
		{AFA0E183-5AB9-45BE-8F95-66BE9D784DC1}.Release|x86.ActiveCfg = Release|Any CPU
		{AFA0E183-5AB9-45BE-8F95-66BE9D784DC1}.Release|x86.Build.0 = Release|Any CPU
		{2A84BAFD-CD4B-4F60-9575-6042CFD52D76}.Debug|Any CPU.ActiveCfg = Debug|Any CPU
		{2A84BAFD-CD4B-4F60-9575-6042CFD52D76}.Debug|Any CPU.Build.0 = Debug|Any CPU
		{2A84BAFD-CD4B-4F60-9575-6042CFD52D76}.Debug|x64.ActiveCfg = Debug|Any CPU
		{2A84BAFD-CD4B-4F60-9575-6042CFD52D76}.Debug|x64.Build.0 = Debug|Any CPU
		{2A84BAFD-CD4B-4F60-9575-6042CFD52D76}.Debug|x86.ActiveCfg = Debug|Any CPU
		{2A84BAFD-CD4B-4F60-9575-6042CFD52D76}.Debug|x86.Build.0 = Debug|Any CPU
		{2A84BAFD-CD4B-4F60-9575-6042CFD52D76}.Release|Any CPU.ActiveCfg = Release|Any CPU
		{2A84BAFD-CD4B-4F60-9575-6042CFD52D76}.Release|Any CPU.Build.0 = Release|Any CPU
		{2A84BAFD-CD4B-4F60-9575-6042CFD52D76}.Release|x64.ActiveCfg = Release|Any CPU
		{2A84BAFD-CD4B-4F60-9575-6042CFD52D76}.Release|x64.Build.0 = Release|Any CPU
		{2A84BAFD-CD4B-4F60-9575-6042CFD52D76}.Release|x86.ActiveCfg = Release|Any CPU
		{2A84BAFD-CD4B-4F60-9575-6042CFD52D76}.Release|x86.Build.0 = Release|Any CPU
		{20A3103D-B6A2-402E-B183-25B0BA61CD5D}.Debug|Any CPU.ActiveCfg = Debug|Any CPU
		{20A3103D-B6A2-402E-B183-25B0BA61CD5D}.Debug|Any CPU.Build.0 = Debug|Any CPU
		{20A3103D-B6A2-402E-B183-25B0BA61CD5D}.Debug|x64.ActiveCfg = Debug|Any CPU
		{20A3103D-B6A2-402E-B183-25B0BA61CD5D}.Debug|x64.Build.0 = Debug|Any CPU
		{20A3103D-B6A2-402E-B183-25B0BA61CD5D}.Debug|x86.ActiveCfg = Debug|Any CPU
		{20A3103D-B6A2-402E-B183-25B0BA61CD5D}.Debug|x86.Build.0 = Debug|Any CPU
		{20A3103D-B6A2-402E-B183-25B0BA61CD5D}.Release|Any CPU.ActiveCfg = Release|Any CPU
		{20A3103D-B6A2-402E-B183-25B0BA61CD5D}.Release|Any CPU.Build.0 = Release|Any CPU
		{20A3103D-B6A2-402E-B183-25B0BA61CD5D}.Release|x64.ActiveCfg = Release|Any CPU
		{20A3103D-B6A2-402E-B183-25B0BA61CD5D}.Release|x64.Build.0 = Release|Any CPU
		{20A3103D-B6A2-402E-B183-25B0BA61CD5D}.Release|x86.ActiveCfg = Release|Any CPU
		{20A3103D-B6A2-402E-B183-25B0BA61CD5D}.Release|x86.Build.0 = Release|Any CPU
		{736F773C-1C43-4662-A369-C689D32E87A8}.Debug|Any CPU.ActiveCfg = Debug|Any CPU
		{736F773C-1C43-4662-A369-C689D32E87A8}.Debug|Any CPU.Build.0 = Debug|Any CPU
		{736F773C-1C43-4662-A369-C689D32E87A8}.Debug|x64.ActiveCfg = Debug|Any CPU
		{736F773C-1C43-4662-A369-C689D32E87A8}.Debug|x64.Build.0 = Debug|Any CPU
		{736F773C-1C43-4662-A369-C689D32E87A8}.Debug|x86.ActiveCfg = Debug|Any CPU
		{736F773C-1C43-4662-A369-C689D32E87A8}.Debug|x86.Build.0 = Debug|Any CPU
		{736F773C-1C43-4662-A369-C689D32E87A8}.Release|Any CPU.ActiveCfg = Release|Any CPU
		{736F773C-1C43-4662-A369-C689D32E87A8}.Release|Any CPU.Build.0 = Release|Any CPU
		{736F773C-1C43-4662-A369-C689D32E87A8}.Release|x64.ActiveCfg = Release|Any CPU
		{736F773C-1C43-4662-A369-C689D32E87A8}.Release|x64.Build.0 = Release|Any CPU
		{736F773C-1C43-4662-A369-C689D32E87A8}.Release|x86.ActiveCfg = Release|Any CPU
		{736F773C-1C43-4662-A369-C689D32E87A8}.Release|x86.Build.0 = Release|Any CPU
		{83794F3B-54A0-4087-92D9-94C539A609A8}.Debug|Any CPU.ActiveCfg = Debug|Any CPU
		{83794F3B-54A0-4087-92D9-94C539A609A8}.Debug|Any CPU.Build.0 = Debug|Any CPU
		{83794F3B-54A0-4087-92D9-94C539A609A8}.Debug|x64.ActiveCfg = Debug|Any CPU
		{83794F3B-54A0-4087-92D9-94C539A609A8}.Debug|x64.Build.0 = Debug|Any CPU
		{83794F3B-54A0-4087-92D9-94C539A609A8}.Debug|x86.ActiveCfg = Debug|Any CPU
		{83794F3B-54A0-4087-92D9-94C539A609A8}.Debug|x86.Build.0 = Debug|Any CPU
		{83794F3B-54A0-4087-92D9-94C539A609A8}.Release|Any CPU.ActiveCfg = Release|Any CPU
		{83794F3B-54A0-4087-92D9-94C539A609A8}.Release|Any CPU.Build.0 = Release|Any CPU
		{83794F3B-54A0-4087-92D9-94C539A609A8}.Release|x64.ActiveCfg = Release|Any CPU
		{83794F3B-54A0-4087-92D9-94C539A609A8}.Release|x64.Build.0 = Release|Any CPU
		{83794F3B-54A0-4087-92D9-94C539A609A8}.Release|x86.ActiveCfg = Release|Any CPU
		{83794F3B-54A0-4087-92D9-94C539A609A8}.Release|x86.Build.0 = Release|Any CPU
		{9EDFF57C-172F-4945-B4DC-E7FA1DC24CB7}.Debug|Any CPU.ActiveCfg = Debug|Any CPU
		{9EDFF57C-172F-4945-B4DC-E7FA1DC24CB7}.Debug|Any CPU.Build.0 = Debug|Any CPU
		{9EDFF57C-172F-4945-B4DC-E7FA1DC24CB7}.Debug|x64.ActiveCfg = Debug|Any CPU
		{9EDFF57C-172F-4945-B4DC-E7FA1DC24CB7}.Debug|x64.Build.0 = Debug|Any CPU
		{9EDFF57C-172F-4945-B4DC-E7FA1DC24CB7}.Debug|x86.ActiveCfg = Debug|Any CPU
		{9EDFF57C-172F-4945-B4DC-E7FA1DC24CB7}.Debug|x86.Build.0 = Debug|Any CPU
		{9EDFF57C-172F-4945-B4DC-E7FA1DC24CB7}.Release|Any CPU.ActiveCfg = Release|Any CPU
		{9EDFF57C-172F-4945-B4DC-E7FA1DC24CB7}.Release|Any CPU.Build.0 = Release|Any CPU
		{9EDFF57C-172F-4945-B4DC-E7FA1DC24CB7}.Release|x64.ActiveCfg = Release|Any CPU
		{9EDFF57C-172F-4945-B4DC-E7FA1DC24CB7}.Release|x64.Build.0 = Release|Any CPU
		{9EDFF57C-172F-4945-B4DC-E7FA1DC24CB7}.Release|x86.ActiveCfg = Release|Any CPU
		{9EDFF57C-172F-4945-B4DC-E7FA1DC24CB7}.Release|x86.Build.0 = Release|Any CPU
		{18B66599-F333-47C2-95CD-E71A9F70F2A4}.Debug|Any CPU.ActiveCfg = Debug|Any CPU
		{18B66599-F333-47C2-95CD-E71A9F70F2A4}.Debug|Any CPU.Build.0 = Debug|Any CPU
		{18B66599-F333-47C2-95CD-E71A9F70F2A4}.Debug|x64.ActiveCfg = Debug|Any CPU
		{18B66599-F333-47C2-95CD-E71A9F70F2A4}.Debug|x64.Build.0 = Debug|Any CPU
		{18B66599-F333-47C2-95CD-E71A9F70F2A4}.Debug|x86.ActiveCfg = Debug|Any CPU
		{18B66599-F333-47C2-95CD-E71A9F70F2A4}.Debug|x86.Build.0 = Debug|Any CPU
		{18B66599-F333-47C2-95CD-E71A9F70F2A4}.Release|Any CPU.ActiveCfg = Release|Any CPU
		{18B66599-F333-47C2-95CD-E71A9F70F2A4}.Release|Any CPU.Build.0 = Release|Any CPU
		{18B66599-F333-47C2-95CD-E71A9F70F2A4}.Release|x64.ActiveCfg = Release|Any CPU
		{18B66599-F333-47C2-95CD-E71A9F70F2A4}.Release|x64.Build.0 = Release|Any CPU
		{18B66599-F333-47C2-95CD-E71A9F70F2A4}.Release|x86.ActiveCfg = Release|Any CPU
		{18B66599-F333-47C2-95CD-E71A9F70F2A4}.Release|x86.Build.0 = Release|Any CPU
		{D09028B2-84CE-4863-8F57-F6D82AD9EF3F}.Debug|Any CPU.ActiveCfg = Debug|Any CPU
		{D09028B2-84CE-4863-8F57-F6D82AD9EF3F}.Debug|Any CPU.Build.0 = Debug|Any CPU
		{D09028B2-84CE-4863-8F57-F6D82AD9EF3F}.Debug|x64.ActiveCfg = Debug|Any CPU
		{D09028B2-84CE-4863-8F57-F6D82AD9EF3F}.Debug|x64.Build.0 = Debug|Any CPU
		{D09028B2-84CE-4863-8F57-F6D82AD9EF3F}.Debug|x86.ActiveCfg = Debug|Any CPU
		{D09028B2-84CE-4863-8F57-F6D82AD9EF3F}.Debug|x86.Build.0 = Debug|Any CPU
		{D09028B2-84CE-4863-8F57-F6D82AD9EF3F}.Release|Any CPU.ActiveCfg = Release|Any CPU
		{D09028B2-84CE-4863-8F57-F6D82AD9EF3F}.Release|Any CPU.Build.0 = Release|Any CPU
		{D09028B2-84CE-4863-8F57-F6D82AD9EF3F}.Release|x64.ActiveCfg = Release|Any CPU
		{D09028B2-84CE-4863-8F57-F6D82AD9EF3F}.Release|x64.Build.0 = Release|Any CPU
		{D09028B2-84CE-4863-8F57-F6D82AD9EF3F}.Release|x86.ActiveCfg = Release|Any CPU
		{D09028B2-84CE-4863-8F57-F6D82AD9EF3F}.Release|x86.Build.0 = Release|Any CPU
		{744DC9E2-27CB-470A-976D-19CE401766FF}.Debug|Any CPU.ActiveCfg = Debug|Any CPU
		{744DC9E2-27CB-470A-976D-19CE401766FF}.Debug|Any CPU.Build.0 = Debug|Any CPU
		{744DC9E2-27CB-470A-976D-19CE401766FF}.Debug|x64.ActiveCfg = Debug|Any CPU
		{744DC9E2-27CB-470A-976D-19CE401766FF}.Debug|x64.Build.0 = Debug|Any CPU
		{744DC9E2-27CB-470A-976D-19CE401766FF}.Debug|x86.ActiveCfg = Debug|Any CPU
		{744DC9E2-27CB-470A-976D-19CE401766FF}.Debug|x86.Build.0 = Debug|Any CPU
		{744DC9E2-27CB-470A-976D-19CE401766FF}.Release|Any CPU.ActiveCfg = Release|Any CPU
		{744DC9E2-27CB-470A-976D-19CE401766FF}.Release|Any CPU.Build.0 = Release|Any CPU
		{744DC9E2-27CB-470A-976D-19CE401766FF}.Release|x64.ActiveCfg = Release|Any CPU
		{744DC9E2-27CB-470A-976D-19CE401766FF}.Release|x64.Build.0 = Release|Any CPU
		{744DC9E2-27CB-470A-976D-19CE401766FF}.Release|x86.ActiveCfg = Release|Any CPU
		{744DC9E2-27CB-470A-976D-19CE401766FF}.Release|x86.Build.0 = Release|Any CPU
		{CCDD120A-1C00-46F3-8CB9-93471BA4164C}.Debug|Any CPU.ActiveCfg = Debug|Any CPU
		{CCDD120A-1C00-46F3-8CB9-93471BA4164C}.Debug|Any CPU.Build.0 = Debug|Any CPU
		{CCDD120A-1C00-46F3-8CB9-93471BA4164C}.Debug|x64.ActiveCfg = Debug|Any CPU
		{CCDD120A-1C00-46F3-8CB9-93471BA4164C}.Debug|x64.Build.0 = Debug|Any CPU
		{CCDD120A-1C00-46F3-8CB9-93471BA4164C}.Debug|x86.ActiveCfg = Debug|Any CPU
		{CCDD120A-1C00-46F3-8CB9-93471BA4164C}.Debug|x86.Build.0 = Debug|Any CPU
		{CCDD120A-1C00-46F3-8CB9-93471BA4164C}.Release|Any CPU.ActiveCfg = Release|Any CPU
		{CCDD120A-1C00-46F3-8CB9-93471BA4164C}.Release|Any CPU.Build.0 = Release|Any CPU
		{CCDD120A-1C00-46F3-8CB9-93471BA4164C}.Release|x64.ActiveCfg = Release|Any CPU
		{CCDD120A-1C00-46F3-8CB9-93471BA4164C}.Release|x64.Build.0 = Release|Any CPU
		{CCDD120A-1C00-46F3-8CB9-93471BA4164C}.Release|x86.ActiveCfg = Release|Any CPU
		{CCDD120A-1C00-46F3-8CB9-93471BA4164C}.Release|x86.Build.0 = Release|Any CPU
		{B8BAA727-6E39-431B-9356-5720422A7DB6}.Debug|Any CPU.ActiveCfg = Debug|Any CPU
		{B8BAA727-6E39-431B-9356-5720422A7DB6}.Debug|Any CPU.Build.0 = Debug|Any CPU
		{B8BAA727-6E39-431B-9356-5720422A7DB6}.Debug|x64.ActiveCfg = Debug|Any CPU
		{B8BAA727-6E39-431B-9356-5720422A7DB6}.Debug|x64.Build.0 = Debug|Any CPU
		{B8BAA727-6E39-431B-9356-5720422A7DB6}.Debug|x86.ActiveCfg = Debug|Any CPU
		{B8BAA727-6E39-431B-9356-5720422A7DB6}.Debug|x86.Build.0 = Debug|Any CPU
		{B8BAA727-6E39-431B-9356-5720422A7DB6}.Release|Any CPU.ActiveCfg = Release|Any CPU
		{B8BAA727-6E39-431B-9356-5720422A7DB6}.Release|Any CPU.Build.0 = Release|Any CPU
		{B8BAA727-6E39-431B-9356-5720422A7DB6}.Release|x64.ActiveCfg = Release|Any CPU
		{B8BAA727-6E39-431B-9356-5720422A7DB6}.Release|x64.Build.0 = Release|Any CPU
		{B8BAA727-6E39-431B-9356-5720422A7DB6}.Release|x86.ActiveCfg = Release|Any CPU
		{B8BAA727-6E39-431B-9356-5720422A7DB6}.Release|x86.Build.0 = Release|Any CPU
		{017E95EF-2AAA-48BC-90D9-914EFB3DE2E3}.Debug|Any CPU.ActiveCfg = Debug|Any CPU
		{017E95EF-2AAA-48BC-90D9-914EFB3DE2E3}.Debug|Any CPU.Build.0 = Debug|Any CPU
		{017E95EF-2AAA-48BC-90D9-914EFB3DE2E3}.Debug|x64.ActiveCfg = Debug|Any CPU
		{017E95EF-2AAA-48BC-90D9-914EFB3DE2E3}.Debug|x64.Build.0 = Debug|Any CPU
		{017E95EF-2AAA-48BC-90D9-914EFB3DE2E3}.Debug|x86.ActiveCfg = Debug|Any CPU
		{017E95EF-2AAA-48BC-90D9-914EFB3DE2E3}.Debug|x86.Build.0 = Debug|Any CPU
		{017E95EF-2AAA-48BC-90D9-914EFB3DE2E3}.Release|Any CPU.ActiveCfg = Release|Any CPU
		{017E95EF-2AAA-48BC-90D9-914EFB3DE2E3}.Release|Any CPU.Build.0 = Release|Any CPU
		{017E95EF-2AAA-48BC-90D9-914EFB3DE2E3}.Release|x64.ActiveCfg = Release|Any CPU
		{017E95EF-2AAA-48BC-90D9-914EFB3DE2E3}.Release|x64.Build.0 = Release|Any CPU
		{017E95EF-2AAA-48BC-90D9-914EFB3DE2E3}.Release|x86.ActiveCfg = Release|Any CPU
		{017E95EF-2AAA-48BC-90D9-914EFB3DE2E3}.Release|x86.Build.0 = Release|Any CPU
		{F4BC9C3A-F929-4F7B-A321-207278B0C942}.Debug|Any CPU.ActiveCfg = Debug|Any CPU
		{F4BC9C3A-F929-4F7B-A321-207278B0C942}.Debug|Any CPU.Build.0 = Debug|Any CPU
		{F4BC9C3A-F929-4F7B-A321-207278B0C942}.Debug|x64.ActiveCfg = Debug|Any CPU
		{F4BC9C3A-F929-4F7B-A321-207278B0C942}.Debug|x64.Build.0 = Debug|Any CPU
		{F4BC9C3A-F929-4F7B-A321-207278B0C942}.Debug|x86.ActiveCfg = Debug|Any CPU
		{F4BC9C3A-F929-4F7B-A321-207278B0C942}.Debug|x86.Build.0 = Debug|Any CPU
		{F4BC9C3A-F929-4F7B-A321-207278B0C942}.Release|Any CPU.ActiveCfg = Release|Any CPU
		{F4BC9C3A-F929-4F7B-A321-207278B0C942}.Release|Any CPU.Build.0 = Release|Any CPU
		{F4BC9C3A-F929-4F7B-A321-207278B0C942}.Release|x64.ActiveCfg = Release|Any CPU
		{F4BC9C3A-F929-4F7B-A321-207278B0C942}.Release|x64.Build.0 = Release|Any CPU
		{F4BC9C3A-F929-4F7B-A321-207278B0C942}.Release|x86.ActiveCfg = Release|Any CPU
		{F4BC9C3A-F929-4F7B-A321-207278B0C942}.Release|x86.Build.0 = Release|Any CPU
		{F073CBE1-CA4D-4A17-BFBA-E871FF112DFC}.Debug|Any CPU.ActiveCfg = Debug|Any CPU
		{F073CBE1-CA4D-4A17-BFBA-E871FF112DFC}.Debug|Any CPU.Build.0 = Debug|Any CPU
		{F073CBE1-CA4D-4A17-BFBA-E871FF112DFC}.Debug|x64.ActiveCfg = Debug|Any CPU
		{F073CBE1-CA4D-4A17-BFBA-E871FF112DFC}.Debug|x64.Build.0 = Debug|Any CPU
		{F073CBE1-CA4D-4A17-BFBA-E871FF112DFC}.Debug|x86.ActiveCfg = Debug|Any CPU
		{F073CBE1-CA4D-4A17-BFBA-E871FF112DFC}.Debug|x86.Build.0 = Debug|Any CPU
		{F073CBE1-CA4D-4A17-BFBA-E871FF112DFC}.Release|Any CPU.ActiveCfg = Release|Any CPU
		{F073CBE1-CA4D-4A17-BFBA-E871FF112DFC}.Release|Any CPU.Build.0 = Release|Any CPU
		{F073CBE1-CA4D-4A17-BFBA-E871FF112DFC}.Release|x64.ActiveCfg = Release|Any CPU
		{F073CBE1-CA4D-4A17-BFBA-E871FF112DFC}.Release|x64.Build.0 = Release|Any CPU
		{F073CBE1-CA4D-4A17-BFBA-E871FF112DFC}.Release|x86.ActiveCfg = Release|Any CPU
		{F073CBE1-CA4D-4A17-BFBA-E871FF112DFC}.Release|x86.Build.0 = Release|Any CPU
		{609DBDF8-EE19-4C38-988A-A7A1F4D976F7}.Debug|Any CPU.ActiveCfg = Debug|Any CPU
		{609DBDF8-EE19-4C38-988A-A7A1F4D976F7}.Debug|Any CPU.Build.0 = Debug|Any CPU
		{609DBDF8-EE19-4C38-988A-A7A1F4D976F7}.Debug|x64.ActiveCfg = Debug|Any CPU
		{609DBDF8-EE19-4C38-988A-A7A1F4D976F7}.Debug|x64.Build.0 = Debug|Any CPU
		{609DBDF8-EE19-4C38-988A-A7A1F4D976F7}.Debug|x86.ActiveCfg = Debug|Any CPU
		{609DBDF8-EE19-4C38-988A-A7A1F4D976F7}.Debug|x86.Build.0 = Debug|Any CPU
		{609DBDF8-EE19-4C38-988A-A7A1F4D976F7}.Release|Any CPU.ActiveCfg = Release|Any CPU
		{609DBDF8-EE19-4C38-988A-A7A1F4D976F7}.Release|Any CPU.Build.0 = Release|Any CPU
		{609DBDF8-EE19-4C38-988A-A7A1F4D976F7}.Release|x64.ActiveCfg = Release|Any CPU
		{609DBDF8-EE19-4C38-988A-A7A1F4D976F7}.Release|x64.Build.0 = Release|Any CPU
		{609DBDF8-EE19-4C38-988A-A7A1F4D976F7}.Release|x86.ActiveCfg = Release|Any CPU
		{609DBDF8-EE19-4C38-988A-A7A1F4D976F7}.Release|x86.Build.0 = Release|Any CPU
		{E11CF126-098E-45C2-8368-669CDC8EF5FF}.Debug|Any CPU.ActiveCfg = Debug|Any CPU
		{E11CF126-098E-45C2-8368-669CDC8EF5FF}.Debug|Any CPU.Build.0 = Debug|Any CPU
		{E11CF126-098E-45C2-8368-669CDC8EF5FF}.Debug|x64.ActiveCfg = Debug|Any CPU
		{E11CF126-098E-45C2-8368-669CDC8EF5FF}.Debug|x64.Build.0 = Debug|Any CPU
		{E11CF126-098E-45C2-8368-669CDC8EF5FF}.Debug|x86.ActiveCfg = Debug|Any CPU
		{E11CF126-098E-45C2-8368-669CDC8EF5FF}.Debug|x86.Build.0 = Debug|Any CPU
		{E11CF126-098E-45C2-8368-669CDC8EF5FF}.Release|Any CPU.ActiveCfg = Release|Any CPU
		{E11CF126-098E-45C2-8368-669CDC8EF5FF}.Release|Any CPU.Build.0 = Release|Any CPU
		{E11CF126-098E-45C2-8368-669CDC8EF5FF}.Release|x64.ActiveCfg = Release|Any CPU
		{E11CF126-098E-45C2-8368-669CDC8EF5FF}.Release|x64.Build.0 = Release|Any CPU
		{E11CF126-098E-45C2-8368-669CDC8EF5FF}.Release|x86.ActiveCfg = Release|Any CPU
		{E11CF126-098E-45C2-8368-669CDC8EF5FF}.Release|x86.Build.0 = Release|Any CPU
		{E730CA01-5AAF-4D48-95F3-86FAA2FFAEFE}.Debug|Any CPU.ActiveCfg = Debug|Any CPU
		{E730CA01-5AAF-4D48-95F3-86FAA2FFAEFE}.Debug|Any CPU.Build.0 = Debug|Any CPU
		{E730CA01-5AAF-4D48-95F3-86FAA2FFAEFE}.Debug|x64.ActiveCfg = Debug|Any CPU
		{E730CA01-5AAF-4D48-95F3-86FAA2FFAEFE}.Debug|x64.Build.0 = Debug|Any CPU
		{E730CA01-5AAF-4D48-95F3-86FAA2FFAEFE}.Debug|x86.ActiveCfg = Debug|Any CPU
		{E730CA01-5AAF-4D48-95F3-86FAA2FFAEFE}.Debug|x86.Build.0 = Debug|Any CPU
		{E730CA01-5AAF-4D48-95F3-86FAA2FFAEFE}.Release|Any CPU.ActiveCfg = Release|Any CPU
		{E730CA01-5AAF-4D48-95F3-86FAA2FFAEFE}.Release|Any CPU.Build.0 = Release|Any CPU
		{E730CA01-5AAF-4D48-95F3-86FAA2FFAEFE}.Release|x64.ActiveCfg = Release|Any CPU
		{E730CA01-5AAF-4D48-95F3-86FAA2FFAEFE}.Release|x64.Build.0 = Release|Any CPU
		{E730CA01-5AAF-4D48-95F3-86FAA2FFAEFE}.Release|x86.ActiveCfg = Release|Any CPU
		{E730CA01-5AAF-4D48-95F3-86FAA2FFAEFE}.Release|x86.Build.0 = Release|Any CPU
		{DEDF3392-87A6-49CA-8809-88B5E7641E42}.Debug|Any CPU.ActiveCfg = Debug|Any CPU
		{DEDF3392-87A6-49CA-8809-88B5E7641E42}.Debug|Any CPU.Build.0 = Debug|Any CPU
		{DEDF3392-87A6-49CA-8809-88B5E7641E42}.Debug|x64.ActiveCfg = Debug|Any CPU
		{DEDF3392-87A6-49CA-8809-88B5E7641E42}.Debug|x64.Build.0 = Debug|Any CPU
		{DEDF3392-87A6-49CA-8809-88B5E7641E42}.Debug|x86.ActiveCfg = Debug|Any CPU
		{DEDF3392-87A6-49CA-8809-88B5E7641E42}.Debug|x86.Build.0 = Debug|Any CPU
		{DEDF3392-87A6-49CA-8809-88B5E7641E42}.Release|Any CPU.ActiveCfg = Release|Any CPU
		{DEDF3392-87A6-49CA-8809-88B5E7641E42}.Release|Any CPU.Build.0 = Release|Any CPU
		{DEDF3392-87A6-49CA-8809-88B5E7641E42}.Release|x64.ActiveCfg = Release|Any CPU
		{DEDF3392-87A6-49CA-8809-88B5E7641E42}.Release|x64.Build.0 = Release|Any CPU
		{DEDF3392-87A6-49CA-8809-88B5E7641E42}.Release|x86.ActiveCfg = Release|Any CPU
		{DEDF3392-87A6-49CA-8809-88B5E7641E42}.Release|x86.Build.0 = Release|Any CPU
		{9E9AC6C0-385B-4FA8-9363-A42FF126D65B}.Debug|Any CPU.ActiveCfg = Debug|Any CPU
		{9E9AC6C0-385B-4FA8-9363-A42FF126D65B}.Debug|Any CPU.Build.0 = Debug|Any CPU
		{9E9AC6C0-385B-4FA8-9363-A42FF126D65B}.Debug|x64.ActiveCfg = Debug|Any CPU
		{9E9AC6C0-385B-4FA8-9363-A42FF126D65B}.Debug|x64.Build.0 = Debug|Any CPU
		{9E9AC6C0-385B-4FA8-9363-A42FF126D65B}.Debug|x86.ActiveCfg = Debug|Any CPU
		{9E9AC6C0-385B-4FA8-9363-A42FF126D65B}.Debug|x86.Build.0 = Debug|Any CPU
		{9E9AC6C0-385B-4FA8-9363-A42FF126D65B}.Release|Any CPU.ActiveCfg = Release|Any CPU
		{9E9AC6C0-385B-4FA8-9363-A42FF126D65B}.Release|Any CPU.Build.0 = Release|Any CPU
		{9E9AC6C0-385B-4FA8-9363-A42FF126D65B}.Release|x64.ActiveCfg = Release|Any CPU
		{9E9AC6C0-385B-4FA8-9363-A42FF126D65B}.Release|x64.Build.0 = Release|Any CPU
		{9E9AC6C0-385B-4FA8-9363-A42FF126D65B}.Release|x86.ActiveCfg = Release|Any CPU
		{9E9AC6C0-385B-4FA8-9363-A42FF126D65B}.Release|x86.Build.0 = Release|Any CPU
		{994825C7-D585-4F87-AAD4-EC719C373B75}.Debug|Any CPU.ActiveCfg = Debug|Any CPU
		{994825C7-D585-4F87-AAD4-EC719C373B75}.Debug|Any CPU.Build.0 = Debug|Any CPU
		{994825C7-D585-4F87-AAD4-EC719C373B75}.Debug|x64.ActiveCfg = Debug|Any CPU
		{994825C7-D585-4F87-AAD4-EC719C373B75}.Debug|x64.Build.0 = Debug|Any CPU
		{994825C7-D585-4F87-AAD4-EC719C373B75}.Debug|x86.ActiveCfg = Debug|Any CPU
		{994825C7-D585-4F87-AAD4-EC719C373B75}.Debug|x86.Build.0 = Debug|Any CPU
		{994825C7-D585-4F87-AAD4-EC719C373B75}.Release|Any CPU.ActiveCfg = Release|Any CPU
		{994825C7-D585-4F87-AAD4-EC719C373B75}.Release|Any CPU.Build.0 = Release|Any CPU
		{994825C7-D585-4F87-AAD4-EC719C373B75}.Release|x64.ActiveCfg = Release|Any CPU
		{994825C7-D585-4F87-AAD4-EC719C373B75}.Release|x64.Build.0 = Release|Any CPU
		{994825C7-D585-4F87-AAD4-EC719C373B75}.Release|x86.ActiveCfg = Release|Any CPU
		{994825C7-D585-4F87-AAD4-EC719C373B75}.Release|x86.Build.0 = Release|Any CPU
		{CF281AE2-4EAA-4081-8290-2955DBDB7AB4}.Debug|Any CPU.ActiveCfg = Debug|Any CPU
		{CF281AE2-4EAA-4081-8290-2955DBDB7AB4}.Debug|Any CPU.Build.0 = Debug|Any CPU
		{CF281AE2-4EAA-4081-8290-2955DBDB7AB4}.Debug|x64.ActiveCfg = Debug|Any CPU
		{CF281AE2-4EAA-4081-8290-2955DBDB7AB4}.Debug|x64.Build.0 = Debug|Any CPU
		{CF281AE2-4EAA-4081-8290-2955DBDB7AB4}.Debug|x86.ActiveCfg = Debug|Any CPU
		{CF281AE2-4EAA-4081-8290-2955DBDB7AB4}.Debug|x86.Build.0 = Debug|Any CPU
		{CF281AE2-4EAA-4081-8290-2955DBDB7AB4}.Release|Any CPU.ActiveCfg = Release|Any CPU
		{CF281AE2-4EAA-4081-8290-2955DBDB7AB4}.Release|Any CPU.Build.0 = Release|Any CPU
		{CF281AE2-4EAA-4081-8290-2955DBDB7AB4}.Release|x64.ActiveCfg = Release|Any CPU
		{CF281AE2-4EAA-4081-8290-2955DBDB7AB4}.Release|x64.Build.0 = Release|Any CPU
		{CF281AE2-4EAA-4081-8290-2955DBDB7AB4}.Release|x86.ActiveCfg = Release|Any CPU
		{CF281AE2-4EAA-4081-8290-2955DBDB7AB4}.Release|x86.Build.0 = Release|Any CPU
		{BFB01543-5E4E-45AD-8013-52AF1B530CE7}.Debug|Any CPU.ActiveCfg = Debug|Any CPU
		{BFB01543-5E4E-45AD-8013-52AF1B530CE7}.Debug|Any CPU.Build.0 = Debug|Any CPU
		{BFB01543-5E4E-45AD-8013-52AF1B530CE7}.Debug|x64.ActiveCfg = Debug|Any CPU
		{BFB01543-5E4E-45AD-8013-52AF1B530CE7}.Debug|x64.Build.0 = Debug|Any CPU
		{BFB01543-5E4E-45AD-8013-52AF1B530CE7}.Debug|x86.ActiveCfg = Debug|Any CPU
		{BFB01543-5E4E-45AD-8013-52AF1B530CE7}.Debug|x86.Build.0 = Debug|Any CPU
		{BFB01543-5E4E-45AD-8013-52AF1B530CE7}.Release|Any CPU.ActiveCfg = Release|Any CPU
		{BFB01543-5E4E-45AD-8013-52AF1B530CE7}.Release|Any CPU.Build.0 = Release|Any CPU
		{BFB01543-5E4E-45AD-8013-52AF1B530CE7}.Release|x64.ActiveCfg = Release|Any CPU
		{BFB01543-5E4E-45AD-8013-52AF1B530CE7}.Release|x64.Build.0 = Release|Any CPU
		{BFB01543-5E4E-45AD-8013-52AF1B530CE7}.Release|x86.ActiveCfg = Release|Any CPU
		{BFB01543-5E4E-45AD-8013-52AF1B530CE7}.Release|x86.Build.0 = Release|Any CPU
		{EA2E8617-353B-438C-B171-981CC4FED696}.Debug|Any CPU.ActiveCfg = Debug|Any CPU
		{EA2E8617-353B-438C-B171-981CC4FED696}.Debug|Any CPU.Build.0 = Debug|Any CPU
		{EA2E8617-353B-438C-B171-981CC4FED696}.Debug|x64.ActiveCfg = Debug|Any CPU
		{EA2E8617-353B-438C-B171-981CC4FED696}.Debug|x64.Build.0 = Debug|Any CPU
		{EA2E8617-353B-438C-B171-981CC4FED696}.Debug|x86.ActiveCfg = Debug|Any CPU
		{EA2E8617-353B-438C-B171-981CC4FED696}.Debug|x86.Build.0 = Debug|Any CPU
		{EA2E8617-353B-438C-B171-981CC4FED696}.Release|Any CPU.ActiveCfg = Release|Any CPU
		{EA2E8617-353B-438C-B171-981CC4FED696}.Release|Any CPU.Build.0 = Release|Any CPU
		{EA2E8617-353B-438C-B171-981CC4FED696}.Release|x64.ActiveCfg = Release|Any CPU
		{EA2E8617-353B-438C-B171-981CC4FED696}.Release|x64.Build.0 = Release|Any CPU
		{EA2E8617-353B-438C-B171-981CC4FED696}.Release|x86.ActiveCfg = Release|Any CPU
		{EA2E8617-353B-438C-B171-981CC4FED696}.Release|x86.Build.0 = Release|Any CPU
		{2718E357-357C-43E9-820C-D4629CE7C661}.Debug|Any CPU.ActiveCfg = Debug|Any CPU
		{2718E357-357C-43E9-820C-D4629CE7C661}.Debug|Any CPU.Build.0 = Debug|Any CPU
		{2718E357-357C-43E9-820C-D4629CE7C661}.Debug|x64.ActiveCfg = Debug|Any CPU
		{2718E357-357C-43E9-820C-D4629CE7C661}.Debug|x64.Build.0 = Debug|Any CPU
		{2718E357-357C-43E9-820C-D4629CE7C661}.Debug|x86.ActiveCfg = Debug|Any CPU
		{2718E357-357C-43E9-820C-D4629CE7C661}.Debug|x86.Build.0 = Debug|Any CPU
		{2718E357-357C-43E9-820C-D4629CE7C661}.Release|Any CPU.ActiveCfg = Release|Any CPU
		{2718E357-357C-43E9-820C-D4629CE7C661}.Release|Any CPU.Build.0 = Release|Any CPU
		{2718E357-357C-43E9-820C-D4629CE7C661}.Release|x64.ActiveCfg = Release|Any CPU
		{2718E357-357C-43E9-820C-D4629CE7C661}.Release|x64.Build.0 = Release|Any CPU
		{2718E357-357C-43E9-820C-D4629CE7C661}.Release|x86.ActiveCfg = Release|Any CPU
		{2718E357-357C-43E9-820C-D4629CE7C661}.Release|x86.Build.0 = Release|Any CPU
		{996B397A-35DE-4673-A4BB-03CC85B7A409}.Debug|Any CPU.ActiveCfg = Debug|Any CPU
		{996B397A-35DE-4673-A4BB-03CC85B7A409}.Debug|Any CPU.Build.0 = Debug|Any CPU
		{996B397A-35DE-4673-A4BB-03CC85B7A409}.Debug|x64.ActiveCfg = Debug|Any CPU
		{996B397A-35DE-4673-A4BB-03CC85B7A409}.Debug|x64.Build.0 = Debug|Any CPU
		{996B397A-35DE-4673-A4BB-03CC85B7A409}.Debug|x86.ActiveCfg = Debug|Any CPU
		{996B397A-35DE-4673-A4BB-03CC85B7A409}.Debug|x86.Build.0 = Debug|Any CPU
		{996B397A-35DE-4673-A4BB-03CC85B7A409}.Release|Any CPU.ActiveCfg = Release|Any CPU
		{996B397A-35DE-4673-A4BB-03CC85B7A409}.Release|Any CPU.Build.0 = Release|Any CPU
		{996B397A-35DE-4673-A4BB-03CC85B7A409}.Release|x64.ActiveCfg = Release|Any CPU
		{996B397A-35DE-4673-A4BB-03CC85B7A409}.Release|x64.Build.0 = Release|Any CPU
		{996B397A-35DE-4673-A4BB-03CC85B7A409}.Release|x86.ActiveCfg = Release|Any CPU
		{996B397A-35DE-4673-A4BB-03CC85B7A409}.Release|x86.Build.0 = Release|Any CPU
		{1523F057-7A38-4162-B419-065B94097842}.Debug|Any CPU.ActiveCfg = Debug|Any CPU
		{1523F057-7A38-4162-B419-065B94097842}.Debug|Any CPU.Build.0 = Debug|Any CPU
		{1523F057-7A38-4162-B419-065B94097842}.Debug|x64.ActiveCfg = Debug|Any CPU
		{1523F057-7A38-4162-B419-065B94097842}.Debug|x64.Build.0 = Debug|Any CPU
		{1523F057-7A38-4162-B419-065B94097842}.Debug|x86.ActiveCfg = Debug|Any CPU
		{1523F057-7A38-4162-B419-065B94097842}.Debug|x86.Build.0 = Debug|Any CPU
		{1523F057-7A38-4162-B419-065B94097842}.Release|Any CPU.ActiveCfg = Release|Any CPU
		{1523F057-7A38-4162-B419-065B94097842}.Release|Any CPU.Build.0 = Release|Any CPU
		{1523F057-7A38-4162-B419-065B94097842}.Release|x64.ActiveCfg = Release|Any CPU
		{1523F057-7A38-4162-B419-065B94097842}.Release|x64.Build.0 = Release|Any CPU
		{1523F057-7A38-4162-B419-065B94097842}.Release|x86.ActiveCfg = Release|Any CPU
		{1523F057-7A38-4162-B419-065B94097842}.Release|x86.Build.0 = Release|Any CPU
		{00338326-3C61-44D1-9B48-604778344DCE}.Debug|Any CPU.ActiveCfg = Debug|Any CPU
		{00338326-3C61-44D1-9B48-604778344DCE}.Debug|Any CPU.Build.0 = Debug|Any CPU
		{00338326-3C61-44D1-9B48-604778344DCE}.Debug|x64.ActiveCfg = Debug|Any CPU
		{00338326-3C61-44D1-9B48-604778344DCE}.Debug|x64.Build.0 = Debug|Any CPU
		{00338326-3C61-44D1-9B48-604778344DCE}.Debug|x86.ActiveCfg = Debug|Any CPU
		{00338326-3C61-44D1-9B48-604778344DCE}.Debug|x86.Build.0 = Debug|Any CPU
		{00338326-3C61-44D1-9B48-604778344DCE}.Release|Any CPU.ActiveCfg = Release|Any CPU
		{00338326-3C61-44D1-9B48-604778344DCE}.Release|Any CPU.Build.0 = Release|Any CPU
		{00338326-3C61-44D1-9B48-604778344DCE}.Release|x64.ActiveCfg = Release|Any CPU
		{00338326-3C61-44D1-9B48-604778344DCE}.Release|x64.Build.0 = Release|Any CPU
		{00338326-3C61-44D1-9B48-604778344DCE}.Release|x86.ActiveCfg = Release|Any CPU
		{00338326-3C61-44D1-9B48-604778344DCE}.Release|x86.Build.0 = Release|Any CPU
		{66D324FB-B5DA-4BB4-8535-4736ECF17D8C}.Debug|Any CPU.ActiveCfg = Debug|Any CPU
		{66D324FB-B5DA-4BB4-8535-4736ECF17D8C}.Debug|Any CPU.Build.0 = Debug|Any CPU
		{66D324FB-B5DA-4BB4-8535-4736ECF17D8C}.Debug|x64.ActiveCfg = Debug|Any CPU
		{66D324FB-B5DA-4BB4-8535-4736ECF17D8C}.Debug|x64.Build.0 = Debug|Any CPU
		{66D324FB-B5DA-4BB4-8535-4736ECF17D8C}.Debug|x86.ActiveCfg = Debug|Any CPU
		{66D324FB-B5DA-4BB4-8535-4736ECF17D8C}.Debug|x86.Build.0 = Debug|Any CPU
		{66D324FB-B5DA-4BB4-8535-4736ECF17D8C}.Release|Any CPU.ActiveCfg = Release|Any CPU
		{66D324FB-B5DA-4BB4-8535-4736ECF17D8C}.Release|Any CPU.Build.0 = Release|Any CPU
		{66D324FB-B5DA-4BB4-8535-4736ECF17D8C}.Release|x64.ActiveCfg = Release|Any CPU
		{66D324FB-B5DA-4BB4-8535-4736ECF17D8C}.Release|x64.Build.0 = Release|Any CPU
		{66D324FB-B5DA-4BB4-8535-4736ECF17D8C}.Release|x86.ActiveCfg = Release|Any CPU
		{66D324FB-B5DA-4BB4-8535-4736ECF17D8C}.Release|x86.Build.0 = Release|Any CPU
	EndGlobalSection
	GlobalSection(SolutionProperties) = preSolution
		HideSolutionNode = FALSE
	EndGlobalSection
	GlobalSection(NestedProjects) = preSolution
		{AFA0E183-5AB9-45BE-8F95-66BE9D784DC1} = {5F6F6962-9151-65B1-E715-34E421B4FD8A}
		{2A84BAFD-CD4B-4F60-9575-6042CFD52D76} = {5F6F6962-9151-65B1-E715-34E421B4FD8A}
		{20A3103D-B6A2-402E-B183-25B0BA61CD5D} = {5F6F6962-9151-65B1-E715-34E421B4FD8A}
		{736F773C-1C43-4662-A369-C689D32E87A8} = {7266C4A9-E384-DC00-0EB6-47F6002CFBA7}
		{83794F3B-54A0-4087-92D9-94C539A609A8} = {7266C4A9-E384-DC00-0EB6-47F6002CFBA7}
		{9EDFF57C-172F-4945-B4DC-E7FA1DC24CB7} = {7266C4A9-E384-DC00-0EB6-47F6002CFBA7}
		{18B66599-F333-47C2-95CD-E71A9F70F2A4} = {7266C4A9-E384-DC00-0EB6-47F6002CFBA7}
		{D09028B2-84CE-4863-8F57-F6D82AD9EF3F} = {7266C4A9-E384-DC00-0EB6-47F6002CFBA7}
		{744DC9E2-27CB-470A-976D-19CE401766FF} = {7266C4A9-E384-DC00-0EB6-47F6002CFBA7}
		{CCDD120A-1C00-46F3-8CB9-93471BA4164C} = {7266C4A9-E384-DC00-0EB6-47F6002CFBA7}
		{B8BAA727-6E39-431B-9356-5720422A7DB6} = {7266C4A9-E384-DC00-0EB6-47F6002CFBA7}
		{017E95EF-2AAA-48BC-90D9-914EFB3DE2E3} = {7266C4A9-E384-DC00-0EB6-47F6002CFBA7}
		{F4BC9C3A-F929-4F7B-A321-207278B0C942} = {7266C4A9-E384-DC00-0EB6-47F6002CFBA7}
		{DC396A54-6413-2AEC-88BC-E66D5CE4B023} = {CA253913-39DE-BFD0-C9A3-4B7EC6FBDF17}
		{F073CBE1-CA4D-4A17-BFBA-E871FF112DFC} = {DC396A54-6413-2AEC-88BC-E66D5CE4B023}
		{609DBDF8-EE19-4C38-988A-A7A1F4D976F7} = {DC396A54-6413-2AEC-88BC-E66D5CE4B023}
		{293C06CD-4E17-48BD-9F3B-B5ADDFFA9425} = {CA253913-39DE-BFD0-C9A3-4B7EC6FBDF17}
		{E11CF126-098E-45C2-8368-669CDC8EF5FF} = {293C06CD-4E17-48BD-9F3B-B5ADDFFA9425}
		{E730CA01-5AAF-4D48-95F3-86FAA2FFAEFE} = {293C06CD-4E17-48BD-9F3B-B5ADDFFA9425}
		{97DA689F-9968-99AE-DB8E-742E254F9FDE} = {CA253913-39DE-BFD0-C9A3-4B7EC6FBDF17}
		{DEDF3392-87A6-49CA-8809-88B5E7641E42} = {97DA689F-9968-99AE-DB8E-742E254F9FDE}
		{9E9AC6C0-385B-4FA8-9363-A42FF126D65B} = {97DA689F-9968-99AE-DB8E-742E254F9FDE}
		{E98B71E8-5F64-30E0-39E9-92F43655EF81} = {CA253913-39DE-BFD0-C9A3-4B7EC6FBDF17}
		{994825C7-D585-4F87-AAD4-EC719C373B75} = {E98B71E8-5F64-30E0-39E9-92F43655EF81}
		{CF281AE2-4EAA-4081-8290-2955DBDB7AB4} = {E98B71E8-5F64-30E0-39E9-92F43655EF81}
		{BFB01543-5E4E-45AD-8013-52AF1B530CE7} = {12E5C810-18C6-BE57-4EA6-3F3BE821652E}
		{EA2E8617-353B-438C-B171-981CC4FED696} = {12E5C810-18C6-BE57-4EA6-3F3BE821652E}
		{2718E357-357C-43E9-820C-D4629CE7C661} = {12E5C810-18C6-BE57-4EA6-3F3BE821652E}
		{996B397A-35DE-4673-A4BB-03CC85B7A409} = {12E5C810-18C6-BE57-4EA6-3F3BE821652E}
		{1523F057-7A38-4162-B419-065B94097842} = {0AB3BF05-4346-4AA6-1389-037BE0695223}
		{00338326-3C61-44D1-9B48-604778344DCE} = {0AB3BF05-4346-4AA6-1389-037BE0695223}
		{C8A1BA8F-C707-E767-5989-C0E1CF0A04C7} = {07C2787E-EAC7-C090-1BA3-A61EC2A24D84}
		{66D324FB-B5DA-4BB4-8535-4736ECF17D8C} = {C8A1BA8F-C707-E767-5989-C0E1CF0A04C7}
	EndGlobalSection
EndGlobal
